
Microsoft Visual Studio Solution File, Format Version 12.00
# Visual Studio Version 16
VisualStudioVersion = 16.0.30611.23
MinimumVisualStudioVersion = 10.0.40219.1
Project("{FAE04EC0-301F-11D3-BF4B-00C04F79EFBC}") = "Zetaur-GUI", "Zetaur-GUI\Zetaur-GUI.csproj", "{B4F84051-2B4A-436C-A363-1F226E047D87}"
EndProject
Global
	GlobalSection(SolutionConfigurationPlatforms) = preSolution
		Debug|Any CPU = Debug|Any CPU
		Release|Any CPU = Release|Any CPU
	EndGlobalSection
	GlobalSection(ProjectConfigurationPlatforms) = postSolution
		{B4F84051-2B4A-436C-A363-1F226E047D87}.Debug|Any CPU.ActiveCfg = Debug|Any CPU
		{B4F84051-2B4A-436C-A363-1F226E047D87}.Debug|Any CPU.Build.0 = Debug|Any CPU
		{B4F84051-2B4A-436C-A363-1F226E047D87}.Release|Any CPU.ActiveCfg = Release|Any CPU
		{B4F84051-2B4A-436C-A363-1F226E047D87}.Release|Any CPU.Build.0 = Release|Any CPU
	EndGlobalSection
	GlobalSection(SolutionProperties) = preSolution
		HideSolutionNode = FALSE
	EndGlobalSection
	GlobalSection(ExtensibilityGlobals) = postSolution
		SolutionGuid = {B04FE345-4CFA-4004-B8DC-7373F5F6C953}
	EndGlobalSection
EndGlobal
